{
    "compileClasspath": {
        "com.fasterxml.jackson.core:jackson-databind": {
            "locked": "2.18.2"
        },
        "com.fasterxml.jackson.datatype:jackson-datatype-jsr310": {
            "locked": "2.20.1"
        },
        "com.github.twitch4j:twitch4j": {
            "locked": "1.25.0"
        },
        "commons-codec:commons-codec": {
            "locked": "1.17.1"
        },
        "io.micrometer:micrometer-registry-prometheus": {
            "locked": "1.14.2"
        },
        "mysql:mysql-connector-java": {
            "locked": "8.0.33"
        },
        "org.junit.jupiter:junit-jupiter-api": {
            "locked": "5.11.0"
        },
        "org.springdoc:springdoc-openapi-starter-webmvc-ui": {
            "locked": "2.8.13"
        },
        "org.springframework.boot:spring-boot-starter": {
            "locked": "3.4.1"
        },
        "org.springframework.boot:spring-boot-starter-actuator": {
            "locked": "3.4.1"
        },
        "org.springframework.boot:spring-boot-starter-data-redis": {
            "locked": "3.4.1"
        },
        "org.springframework.boot:spring-boot-starter-jdbc": {
            "locked": "3.4.1"
        },
        "org.springframework.boot:spring-boot-starter-log4j2": {
            "locked": "3.4.1"
        },
        "org.springframework.boot:spring-boot-starter-web": {
            "locked": "3.4.1"
        },
        "org.springframework.boot:spring-boot-starter-webflux": {
            "locked": "3.4.1"
        },
        "org.springframework.boot:spring-boot-starter-websocket": {
            "locked": "3.4.1"
        },
        "org.springframework.kafka:spring-kafka": {
            "locked": "3.3.1"
        }
    },
    "productionRuntimeClasspath": {
        "com.fasterxml.jackson.core:jackson-databind": {
            "locked": "2.18.2"
        },
        "com.fasterxml.jackson.datatype:jackson-datatype-jsr310": {
            "locked": "2.20.1"
        },
        "com.github.twitch4j:twitch4j": {
            "locked": "1.25.0"
        },
        "commons-codec:commons-codec": {
            "locked": "1.17.1"
        },
        "io.micrometer:micrometer-registry-prometheus": {
            "locked": "1.14.2"
        },
        "mysql:mysql-connector-java": {
            "locked": "8.0.33"
        },
        "org.jetbrains.kotlin:kotlin-reflect": {
            "locked": "2.1.0"
        },
        "org.junit.jupiter:junit-jupiter-api": {
            "locked": "5.11.0"
        },
        "org.springdoc:springdoc-openapi-starter-webmvc-ui": {
            "locked": "2.8.13"
        },
        "org.springframework.boot:spring-boot-starter": {
            "locked": "3.4.1"
        },
        "org.springframework.boot:spring-boot-starter-actuator": {
            "locked": "3.4.1"
        },
        "org.springframework.boot:spring-boot-starter-data-redis": {
            "locked": "3.4.1"
        },
        "org.springframework.boot:spring-boot-starter-jdbc": {
            "locked": "3.4.1"
        },
        "org.springframework.boot:spring-boot-starter-log4j2": {
            "locked": "3.4.1"
        },
        "org.springframework.boot:spring-boot-starter-web": {
            "locked": "3.4.1"
        },
        "org.springframework.boot:spring-boot-starter-webflux": {
            "locked": "3.4.1"
        },
        "org.springframework.boot:spring-boot-starter-websocket": {
            "locked": "3.4.1"
        },
        "org.springframework.kafka:spring-kafka": {
            "locked": "3.3.1"
        }
    },
    "runtimeClasspath": {
        "com.fasterxml.jackson.core:jackson-databind": {
            "locked": "2.18.2"
        },
        "com.fasterxml.jackson.datatype:jackson-datatype-jsr310": {
            "locked": "2.20.1"
        },
        "com.github.twitch4j:twitch4j": {
            "locked": "1.25.0"
        },
        "commons-codec:commons-codec": {
            "locked": "1.17.1"
        },
        "io.micrometer:micrometer-registry-prometheus": {
            "locked": "1.14.2"
        },
        "mysql:mysql-connector-java": {
            "locked": "8.0.33"
        },
        "org.jetbrains.kotlin:kotlin-reflect": {
            "locked": "2.1.0"
        },
        "org.junit.jupiter:junit-jupiter-api": {
            "locked": "5.11.0"
        },
        "org.springdoc:springdoc-openapi-starter-webmvc-ui": {
            "locked": "2.8.13"
        },
        "org.springframework.boot:spring-boot-starter": {
            "locked": "3.4.1"
        },
        "org.springframework.boot:spring-boot-starter-actuator": {
            "locked": "3.4.1"
        },
        "org.springframework.boot:spring-boot-starter-data-redis": {
            "locked": "3.4.1"
        },
        "org.springframework.boot:spring-boot-starter-jdbc": {
            "locked": "3.4.1"
        },
        "org.springframework.boot:spring-boot-starter-log4j2": {
            "locked": "3.4.1"
        },
        "org.springframework.boot:spring-boot-starter-web": {
            "locked": "3.4.1"
        },
        "org.springframework.boot:spring-boot-starter-webflux": {
            "locked": "3.4.1"
        },
        "org.springframework.boot:spring-boot-starter-websocket": {
            "locked": "3.4.1"
        },
        "org.springframework.kafka:spring-kafka": {
            "locked": "3.3.1"
        }
    },
    "testCompileClasspath": {
        "com.fasterxml.jackson.core:jackson-databind": {
            "locked": "2.18.2"
        },
        "com.fasterxml.jackson.datatype:jackson-datatype-jsr310": {
            "locked": "2.20.1"
        },
        "com.github.twitch4j:twitch4j": {
            "locked": "1.25.0"
        },
        "com.redis:testcontainers-redis": {
            "locked": "2.2.4"
        },
        "commons-codec:commons-codec": {
            "locked": "1.17.1"
        },
        "io.micrometer:micrometer-registry-prometheus": {
            "locked": "1.14.2"
        },
        "mysql:mysql-connector-java": {
            "locked": "8.0.33"
        },
        "org.junit.jupiter:junit-jupiter-api": {
            "locked": "5.11.0"
        },
        "org.springdoc:springdoc-openapi-starter-webmvc-ui": {
            "locked": "2.8.13"
        },
        "org.springframework.boot:spring-boot-starter": {
            "locked": "3.4.1"
        },
        "org.springframework.boot:spring-boot-starter-actuator": {
            "locked": "3.4.1"
        },
        "org.springframework.boot:spring-boot-starter-data-redis": {
            "locked": "3.4.1"
        },
        "org.springframework.boot:spring-boot-starter-jdbc": {
            "locked": "3.4.1"
        },
        "org.springframework.boot:spring-boot-starter-log4j2": {
            "locked": "3.4.1"
        },
        "org.springframework.boot:spring-boot-starter-test": {
            "locked": "3.4.1"
        },
        "org.springframework.boot:spring-boot-starter-web": {
            "locked": "3.4.1"
        },
        "org.springframework.boot:spring-boot-starter-webflux": {
            "locked": "3.4.1"
        },
        "org.springframework.boot:spring-boot-starter-websocket": {
            "locked": "3.4.1"
        },
        "org.springframework.kafka:spring-kafka": {
            "locked": "3.3.1"
        },
        "org.springframework.kafka:spring-kafka-test": {
            "locked": "3.3.1"
        },
        "org.testcontainers:testcontainers": {
            "locked": "2.0.2"
        },
        "org.testcontainers:testcontainers-junit-jupiter": {
            "locked": "2.0.2"
        },
        "org.testcontainers:testcontainers-kafka": {
            "locked": "2.0.2"
        },
        "org.testcontainers:testcontainers-mysql": {
            "locked": "2.0.2"
        }
    },
    "testRuntimeClasspath": {
        "com.fasterxml.jackson.core:jackson-databind": {
            "locked": "2.18.2"
        },
        "com.fasterxml.jackson.datatype:jackson-datatype-jsr310": {
            "locked": "2.20.1"
        },
        "com.github.twitch4j:twitch4j": {
            "locked": "1.25.0"
        },
        "com.redis:testcontainers-redis": {
            "locked": "2.2.4"
        },
        "commons-codec:commons-codec": {
            "locked": "1.17.1"
        },
        "io.micrometer:micrometer-registry-prometheus": {
            "locked": "1.14.2"
        },
        "mysql:mysql-connector-java": {
            "locked": "8.0.33"
        },
        "org.jetbrains.kotlin:kotlin-reflect": {
            "locked": "2.1.0"
        },
        "org.junit.jupiter:junit-jupiter-api": {
            "locked": "5.11.0"
        },
        "org.junit.platform:junit-platform-launcher": {
            "locked": "1.11.4"
        },
        "org.springdoc:springdoc-openapi-starter-webmvc-ui": {
            "locked": "2.8.13"
        },
        "org.springframework.boot:spring-boot-starter": {
            "locked": "3.4.1"
        },
        "org.springframework.boot:spring-boot-starter-actuator": {
            "locked": "3.4.1"
        },
        "org.springframework.boot:spring-boot-starter-data-redis": {
            "locked": "3.4.1"
        },
        "org.springframework.boot:spring-boot-starter-jdbc": {
            "locked": "3.4.1"
        },
        "org.springframework.boot:spring-boot-starter-log4j2": {
            "locked": "3.4.1"
        },
        "org.springframework.boot:spring-boot-starter-test": {
            "locked": "3.4.1"
        },
        "org.springframework.boot:spring-boot-starter-web": {
            "locked": "3.4.1"
        },
        "org.springframework.boot:spring-boot-starter-webflux": {
            "locked": "3.4.1"
        },
        "org.springframework.boot:spring-boot-starter-websocket": {
            "locked": "3.4.1"
        },
        "org.springframework.kafka:spring-kafka": {
            "locked": "3.3.1"
        },
        "org.springframework.kafka:spring-kafka-test": {
            "locked": "3.3.1"
        },
        "org.testcontainers:testcontainers": {
            "locked": "2.0.2"
        },
        "org.testcontainers:testcontainers-junit-jupiter": {
            "locked": "2.0.2"
        },
        "org.testcontainers:testcontainers-kafka": {
            "locked": "2.0.2"
        },
        "org.testcontainers:testcontainers-mysql": {
            "locked": "2.0.2"
        }
    }
}